Microsoft Visual Studio Solution File, Format Version 12.00
# Visual Studio Version 17
VisualStudioVersion = 17.5.2.0
MinimumVisualStudioVersion = 10.0.40219.1
Project("{FAE04EC0-301F-11D3-BF4B-00C04F79EFBC}") = "Tests", "Tests.csproj", "{6F08A6EA-EDF7-E067-9585-9D3BF287456C}"
EndProject
Global
	GlobalSection(SolutionConfigurationPlatforms) = preSolution
		Debug|Any CPU = Debug|Any CPU
		Release|Any CPU = Release|Any CPU
	EndGlobalSection
	GlobalSection(ProjectConfigurationPlatforms) = postSolution
		{6F08A6EA-EDF7-E067-9585-9D3BF287456C}.Debug|Any CPU.ActiveCfg = Debug|Any CPU
		{6F08A6EA-EDF7-E067-9585-9D3BF287456C}.Debug|Any CPU.Build.0 = Debug|Any CPU
		{6F08A6EA-EDF7-E067-9585-9D3BF287456C}.Release|Any CPU.ActiveCfg = Release|Any CPU
		{6F08A6EA-EDF7-E067-9585-9D3BF287456C}.Release|Any CPU.Build.0 = Release|Any CPU
	EndGlobalSection
	GlobalSection(SolutionProperties) = preSolution
		HideSolutionNode = FALSE
	EndGlobalSection
	GlobalSection(ExtensibilityGlobals) = postSolution
		SolutionGuid = {7F48B0F6-2479-4719-9238-70746429C3E9}
	EndGlobalSection
EndGlobal
